// !$*UTF8*$!
{
	archiveVersion = 1;
	classes = {
	};
	objectVersion = 50;
	objects = {

/* Begin PBXBuildFile section */
		309EAAC02620B9C9009972FE /* Pyramid.swift in Sources */ = {isa = PBXBuildFile; fileRef = 309EAABF2620B9C9009972FE /* Pyramid.swift */; };
		309EAAC22621E7AE009972FE /* Scene.swift in Sources */ = {isa = PBXBuildFile; fileRef = 309EAAC12621E7AE009972FE /* Scene.swift */; };
		AA7CB25926171686002C0A35 /* AppDelegate.swift in Sources */ = {isa = PBXBuildFile; fileRef = AA7CB25826171686002C0A35 /* AppDelegate.swift */; };
		AA7CB25B26171686002C0A35 /* art.scnassets in Resources */ = {isa = PBXBuildFile; fileRef = AA7CB25A26171686002C0A35 /* art.scnassets */; };
		AA7CB25D26171686002C0A35 /* GameViewController.swift in Sources */ = {isa = PBXBuildFile; fileRef = AA7CB25C26171686002C0A35 /* GameViewController.swift */; };
		AA7CB26026171686002C0A35 /* Main.storyboard in Resources */ = {isa = PBXBuildFile; fileRef = AA7CB25E26171686002C0A35 /* Main.storyboard */; };
		AA7CB26226171689002C0A35 /* Assets.xcassets in Resources */ = {isa = PBXBuildFile; fileRef = AA7CB26126171689002C0A35 /* Assets.xcassets */; };
		AA7CB28826198E57002C0A35 /* Object.swift in Sources */ = {isa = PBXBuildFile; fileRef = AA7CB28726198E57002C0A35 /* Object.swift */; };
		AA7CB28A26198EA0002C0A35 /* ObjectAttributes.swift in Sources */ = {isa = PBXBuildFile; fileRef = AA7CB28926198EA0002C0A35 /* ObjectAttributes.swift */; };
		AA7CB28C26198F2D002C0A35 /* DynamicProperty3D.swift in Sources */ = {isa = PBXBuildFile; fileRef = AA7CB28B26198F2D002C0A35 /* DynamicProperty3D.swift */; };
		AA7CB28E26198FF6002C0A35 /* Helpers.swift in Sources */ = {isa = PBXBuildFile; fileRef = AA7CB28D26198FF6002C0A35 /* Helpers.swift */; };
		AA7CB2902619903A002C0A35 /* ObjectBuilder.swift in Sources */ = {isa = PBXBuildFile; fileRef = AA7CB28F2619903A002C0A35 /* ObjectBuilder.swift */; };
		AA7CB29326199075002C0A35 /* Box.swift in Sources */ = {isa = PBXBuildFile; fileRef = AA7CB29226199075002C0A35 /* Box.swift */; };
		AA7CB29526199086002C0A35 /* Sphere.swift in Sources */ = {isa = PBXBuildFile; fileRef = AA7CB29426199086002C0A35 /* Sphere.swift */; };
		AA7CB2972619909B002C0A35 /* Stack.swift in Sources */ = {isa = PBXBuildFile; fileRef = AA7CB2962619909B002C0A35 /* Stack.swift */; };
		AA7CB29926199225002C0A35 /* State3D.swift in Sources */ = {isa = PBXBuildFile; fileRef = AA7CB29826199225002C0A35 /* State3D.swift */; };
		AA7CB29B26199259002C0A35 /* SomeARScene.swift in Sources */ = {isa = PBXBuildFile; fileRef = AA7CB29A26199259002C0A35 /* SomeARScene.swift */; };
		AA7CB29D26199559002C0A35 /* EmptyObject.swift in Sources */ = {isa = PBXBuildFile; fileRef = AA7CB29C26199559002C0A35 /* EmptyObject.swift */; };
/* End PBXBuildFile section */

/* Begin PBXFileReference section */
		309EAABF2620B9C9009972FE /* Pyramid.swift */ = {isa = PBXFileReference; lastKnownFileType = sourcecode.swift; path = Pyramid.swift; sourceTree = "<group>"; };
		309EAAC12621E7AE009972FE /* Scene.swift */ = {isa = PBXFileReference; lastKnownFileType = sourcecode.swift; path = Scene.swift; sourceTree = "<group>"; };
		AA7CB25526171686002C0A35 /* testingmy3dthing.app */ = {isa = PBXFileReference; explicitFileType = wrapper.application; includeInIndex = 0; path = testingmy3dthing.app; sourceTree = BUILT_PRODUCTS_DIR; };
		AA7CB25826171686002C0A35 /* AppDelegate.swift */ = {isa = PBXFileReference; lastKnownFileType = sourcecode.swift; path = AppDelegate.swift; sourceTree = "<group>"; };
		AA7CB25A26171686002C0A35 /* art.scnassets */ = {isa = PBXFileReference; lastKnownFileType = wrapper.scnassets; path = art.scnassets; sourceTree = "<group>"; };
		AA7CB25C26171686002C0A35 /* GameViewController.swift */ = {isa = PBXFileReference; lastKnownFileType = sourcecode.swift; path = GameViewController.swift; sourceTree = "<group>"; };
		AA7CB25F26171686002C0A35 /* Base */ = {isa = PBXFileReference; lastKnownFileType = file.storyboard; name = Base; path = Base.lproj/Main.storyboard; sourceTree = "<group>"; };
		AA7CB26126171689002C0A35 /* Assets.xcassets */ = {isa = PBXFileReference; lastKnownFileType = folder.assetcatalog; path = Assets.xcassets; sourceTree = "<group>"; };
		AA7CB26326171689002C0A35 /* Info.plist */ = {isa = PBXFileReference; lastKnownFileType = text.plist.xml; path = Info.plist; sourceTree = "<group>"; };
		AA7CB28726198E57002C0A35 /* Object.swift */ = {isa = PBXFileReference; lastKnownFileType = sourcecode.swift; path = Object.swift; sourceTree = "<group>"; };
		AA7CB28926198EA0002C0A35 /* ObjectAttributes.swift */ = {isa = PBXFileReference; lastKnownFileType = sourcecode.swift; path = ObjectAttributes.swift; sourceTree = "<group>"; };
		AA7CB28B26198F2D002C0A35 /* DynamicProperty3D.swift */ = {isa = PBXFileReference; lastKnownFileType = sourcecode.swift; path = DynamicProperty3D.swift; sourceTree = "<group>"; };
		AA7CB28D26198FF6002C0A35 /* Helpers.swift */ = {isa = PBXFileReference; lastKnownFileType = sourcecode.swift; path = Helpers.swift; sourceTree = "<group>"; };
		AA7CB28F2619903A002C0A35 /* ObjectBuilder.swift */ = {isa = PBXFileReference; lastKnownFileType = sourcecode.swift; path = ObjectBuilder.swift; sourceTree = "<group>"; };
		AA7CB29226199075002C0A35 /* Box.swift */ = {isa = PBXFileReference; lastKnownFileType = sourcecode.swift; path = Box.swift; sourceTree = "<group>"; };
		AA7CB29426199086002C0A35 /* Sphere.swift */ = {isa = PBXFileReference; lastKnownFileType = sourcecode.swift; path = Sphere.swift; sourceTree = "<group>"; };
		AA7CB2962619909B002C0A35 /* Stack.swift */ = {isa = PBXFileReference; lastKnownFileType = sourcecode.swift; path = Stack.swift; sourceTree = "<group>"; };
		AA7CB29826199225002C0A35 /* State3D.swift */ = {isa = PBXFileReference; lastKnownFileType = sourcecode.swift; path = State3D.swift; sourceTree = "<group>"; };
		AA7CB29A26199259002C0A35 /* SomeARScene.swift */ = {isa = PBXFileReference; lastKnownFileType = sourcecode.swift; path = SomeARScene.swift; sourceTree = "<group>"; };
		AA7CB29C26199559002C0A35 /* EmptyObject.swift */ = {isa = PBXFileReference; lastKnownFileType = sourcecode.swift; path = EmptyObject.swift; sourceTree = "<group>"; };
/* End PBXFileReference section */

/* Begin PBXFrameworksBuildPhase section */
		AA7CB25226171686002C0A35 /* Frameworks */ = {
			isa = PBXFrameworksBuildPhase;
			buildActionMask = 2147483647;
			files = (
			);
			runOnlyForDeploymentPostprocessing = 0;
		};
/* End PBXFrameworksBuildPhase section */

/* Begin PBXGroup section */
		AA7CB24C26171686002C0A35 = {
			isa = PBXGroup;
			children = (
				AA7CB25726171686002C0A35 /* testingmy3dthing */,
				AA7CB25626171686002C0A35 /* Products */,
			);
			sourceTree = "<group>";
		};
		AA7CB25626171686002C0A35 /* Products */ = {
			isa = PBXGroup;
			children = (
				AA7CB25526171686002C0A35 /* testingmy3dthing.app */,
			);
			name = Products;
			sourceTree = "<group>";
		};
		AA7CB25726171686002C0A35 /* testingmy3dthing */ = {
			isa = PBXGroup;
			children = (
				AA7CB25826171686002C0A35 /* AppDelegate.swift */,
				AA7CB25A26171686002C0A35 /* art.scnassets */,
				AA7CB25C26171686002C0A35 /* GameViewController.swift */,
				AA7CB28626198E31002C0A35 /* Swift3D */,
				AA7CB25E26171686002C0A35 /* Main.storyboard */,
				AA7CB26126171689002C0A35 /* Assets.xcassets */,
				AA7CB26326171689002C0A35 /* Info.plist */,
			);
			path = testingmy3dthing;
			sourceTree = "<group>";
		};
		AA7CB28626198E31002C0A35 /* Swift3D */ = {
			isa = PBXGroup;
			children = (
				AA7CB29126199064002C0A35 /* ARObjects */,
				AA7CB28726198E57002C0A35 /* Object.swift */,
				AA7CB28926198EA0002C0A35 /* ObjectAttributes.swift */,
				AA7CB28B26198F2D002C0A35 /* DynamicProperty3D.swift */,
				AA7CB28D26198FF6002C0A35 /* Helpers.swift */,
				AA7CB28F2619903A002C0A35 /* ObjectBuilder.swift */,
				AA7CB29826199225002C0A35 /* State3D.swift */,
				AA7CB29A26199259002C0A35 /* SomeARScene.swift */,
				309EAAC12621E7AE009972FE /* Scene.swift */,
			);
			path = Swift3D;
			sourceTree = "<group>";
		};
		AA7CB29126199064002C0A35 /* ARObjects */ = {
			isa = PBXGroup;
			children = (
				AA7CB29226199075002C0A35 /* Box.swift */,
				AA7CB29426199086002C0A35 /* Sphere.swift */,
				309EAABF2620B9C9009972FE /* Pyramid.swift */,
				AA7CB2962619909B002C0A35 /* Stack.swift */,
				AA7CB29C26199559002C0A35 /* EmptyObject.swift */,
			);
			path = ARObjects;
			sourceTree = "<group>";
		};
/* End PBXGroup section */

/* Begin PBXNativeTarget section */
		AA7CB25426171686002C0A35 /* testingmy3dthing */ = {
			isa = PBXNativeTarget;
			buildConfigurationList = AA7CB26626171689002C0A35 /* Build configuration list for PBXNativeTarget "testingmy3dthing" */;
			buildPhases = (
				AA7CB25126171686002C0A35 /* Sources */,
				AA7CB25226171686002C0A35 /* Frameworks */,
				AA7CB25326171686002C0A35 /* Resources */,
			);
			buildRules = (
			);
			dependencies = (
			);
			name = testingmy3dthing;
			productName = testingmy3dthing;
			productReference = AA7CB25526171686002C0A35 /* testingmy3dthing.app */;
			productType = "com.apple.product-type.application";
		};
/* End PBXNativeTarget section */

/* Begin PBXProject section */
		AA7CB24D26171686002C0A35 /* Project object */ = {
			isa = PBXProject;
			attributes = {
				LastSwiftUpdateCheck = 1250;
				LastUpgradeCheck = 1250;
				TargetAttributes = {
					AA7CB25426171686002C0A35 = {
						CreatedOnToolsVersion = 12.5;
					};
				};
			};
			buildConfigurationList = AA7CB25026171686002C0A35 /* Build configuration list for PBXProject "testingmy3dthing" */;
			compatibilityVersion = "Xcode 9.3";
			developmentRegion = en;
			hasScannedForEncodings = 0;
			knownRegions = (
				en,
				Base,
			);
			mainGroup = AA7CB24C26171686002C0A35;
			productRefGroup = AA7CB25626171686002C0A35 /* Products */;
			projectDirPath = "";
			projectRoot = "";
			targets = (
				AA7CB25426171686002C0A35 /* testingmy3dthing */,
			);
		};
/* End PBXProject section */

/* Begin PBXResourcesBuildPhase section */
		AA7CB25326171686002C0A35 /* Resources */ = {
			isa = PBXResourcesBuildPhase;
			buildActionMask = 2147483647;
			files = (
				AA7CB25B26171686002C0A35 /* art.scnassets in Resources */,
				AA7CB26226171689002C0A35 /* Assets.xcassets in Resources */,
				AA7CB26026171686002C0A35 /* Main.storyboard in Resources */,
			);
			runOnlyForDeploymentPostprocessing = 0;
		};
/* End PBXResourcesBuildPhase section */

/* Begin PBXSourcesBuildPhase section */
		AA7CB25126171686002C0A35 /* Sources */ = {
			isa = PBXSourcesBuildPhase;
			buildActionMask = 2147483647;
			files = (
				AA7CB2972619909B002C0A35 /* Stack.swift in Sources */,
				AA7CB29B26199259002C0A35 /* SomeARScene.swift in Sources */,
				309EAAC22621E7AE009972FE /* Scene.swift in Sources */,
				AA7CB29526199086002C0A35 /* Sphere.swift in Sources */,
				AA7CB29326199075002C0A35 /* Box.swift in Sources */,
				AA7CB25D26171686002C0A35 /* GameViewController.swift in Sources */,
				AA7CB2902619903A002C0A35 /* ObjectBuilder.swift in Sources */,
				309EAAC02620B9C9009972FE /* Pyramid.swift in Sources */,
				AA7CB28E26198FF6002C0A35 /* Helpers.swift in Sources */,
				AA7CB28C26198F2D002C0A35 /* DynamicProperty3D.swift in Sources */,
				AA7CB25926171686002C0A35 /* AppDelegate.swift in Sources */,
				AA7CB29D26199559002C0A35 /* EmptyObject.swift in Sources */,
				AA7CB29926199225002C0A35 /* State3D.swift in Sources */,
				AA7CB28826198E57002C0A35 /* Object.swift in Sources */,
				AA7CB28A26198EA0002C0A35 /* ObjectAttributes.swift in Sources */,
			);
			runOnlyForDeploymentPostprocessing = 0;
		};
/* End PBXSourcesBuildPhase section */

/* Begin PBXVariantGroup section */
		AA7CB25E26171686002C0A35 /* Main.storyboard */ = {
			isa = PBXVariantGroup;
			children = (
				AA7CB25F26171686002C0A35 /* Base */,
			);
			name = Main.storyboard;
			sourceTree = "<group>";
		};
/* End PBXVariantGroup section */

/* Begin XCBuildConfiguration section */
		AA7CB26426171689002C0A35 /* Debug */ = {
			isa = XCBuildConfiguration;
			buildSettings = {
				ALWAYS_SEARCH_USER_PATHS = NO;
				CLANG_ANALYZER_NONNULL = YES;
				CLANG_ANALYZER_NUMBER_OBJECT_CONVERSION = YES_AGGRESSIVE;
				CLANG_CXX_LANGUAGE_STANDARD = "gnu++14";
				CLANG_CXX_LIBRARY = "libc++";
				CLANG_ENABLE_MODULES = YES;
				CLANG_ENABLE_OBJC_ARC = YES;
				CLANG_ENABLE_OBJC_WEAK = YES;
				CLANG_WARN_BLOCK_CAPTURE_AUTORELEASING = YES;
				CLANG_WARN_BOOL_CONVERSION = YES;
				CLANG_WARN_COMMA = YES;
				CLANG_WARN_CONSTANT_CONVERSION = YES;
				CLANG_WARN_DEPRECATED_OBJC_IMPLEMENTATIONS = YES;
				CLANG_WARN_DIRECT_OBJC_ISA_USAGE = YES_ERROR;
				CLANG_WARN_DOCUMENTATION_COMMENTS = YES;
				CLANG_WARN_EMPTY_BODY = YES;
				CLANG_WARN_ENUM_CONVERSION = YES;
				CLANG_WARN_INFINITE_RECURSION = YES;
				CLANG_WARN_INT_CONVERSION = YES;
				CLANG_WARN_NON_LITERAL_NULL_CONVERSION = YES;
				CLANG_WARN_OBJC_IMPLICIT_RETAIN_SELF = YES;
				CLANG_WARN_OBJC_LITERAL_CONVERSION = YES;
				CLANG_WARN_OBJC_ROOT_CLASS = YES_ERROR;
				CLANG_WARN_QUOTED_INCLUDE_IN_FRAMEWORK_HEADER = YES;
				CLANG_WARN_RANGE_LOOP_ANALYSIS = YES;
				CLANG_WARN_STRICT_PROTOTYPES = YES;
				CLANG_WARN_SUSPICIOUS_MOVE = YES;
				CLANG_WARN_UNGUARDED_AVAILABILITY = YES_AGGRESSIVE;
				CLANG_WARN_UNREACHABLE_CODE = YES;
				CLANG_WARN__DUPLICATE_METHOD_MATCH = YES;
				COPY_PHASE_STRIP = NO;
				DEBUG_INFORMATION_FORMAT = dwarf;
				ENABLE_STRICT_OBJC_MSGSEND = YES;
				ENABLE_TESTABILITY = YES;
				GCC_C_LANGUAGE_STANDARD = gnu11;
				GCC_DYNAMIC_NO_PIC = NO;
				GCC_NO_COMMON_BLOCKS = YES;
				GCC_OPTIMIZATION_LEVEL = 0;
				GCC_PREPROCESSOR_DEFINITIONS = (
					"DEBUG=1",
					"$(inherited)",
				);
				GCC_WARN_64_TO_32_BIT_CONVERSION = YES;
				GCC_WARN_ABOUT_RETURN_TYPE = YES_ERROR;
				GCC_WARN_UNDECLARED_SELECTOR = YES;
				GCC_WARN_UNINITIALIZED_AUTOS = YES_AGGRESSIVE;
				GCC_WARN_UNUSED_FUNCTION = YES;
				GCC_WARN_UNUSED_VARIABLE = YES;
				IPHONEOS_DEPLOYMENT_TARGET = 14.5;
				MTL_ENABLE_DEBUG_INFO = INCLUDE_SOURCE;
				MTL_FAST_MATH = YES;
				ONLY_ACTIVE_ARCH = YES;
				SDKROOT = iphoneos;
				SWIFT_ACTIVE_COMPILATION_CONDITIONS = DEBUG;
				SWIFT_OPTIMIZATION_LEVEL = "-Onone";
			};
			name = Debug;
		};
		AA7CB26526171689002C0A35 /* Release */ = {
			isa = XCBuildConfiguration;
			buildSettings = {
				ALWAYS_SEARCH_USER_PATHS = NO;
				CLANG_ANALYZER_NONNULL = YES;
				CLANG_ANALYZER_NUMBER_OBJECT_CONVERSION = YES_AGGRESSIVE;
				CLANG_CXX_LANGUAGE_STANDARD = "gnu++14";
				CLANG_CXX_LIBRARY = "libc++";
				CLANG_ENABLE_MODULES = YES;
				CLANG_ENABLE_OBJC_ARC = YES;
				CLANG_ENABLE_OBJC_WEAK = YES;
				CLANG_WARN_BLOCK_CAPTURE_AUTORELEASING = YES;
				CLANG_WARN_BOOL_CONVERSION = YES;
				CLANG_WARN_COMMA = YES;
				CLANG_WARN_CONSTANT_CONVERSION = YES;
				CLANG_WARN_DEPRECATED_OBJC_IMPLEMENTATIONS = YES;
				CLANG_WARN_DIRECT_OBJC_ISA_USAGE = YES_ERROR;
				CLANG_WARN_DOCUMENTATION_COMMENTS = YES;
				CLANG_WARN_EMPTY_BODY = YES;
				CLANG_WARN_ENUM_CONVERSION = YES;
				CLANG_WARN_INFINITE_RECURSION = YES;
				CLANG_WARN_INT_CONVERSION = YES;
				CLANG_WARN_NON_LITERAL_NULL_CONVERSION = YES;
				CLANG_WARN_OBJC_IMPLICIT_RETAIN_SELF = YES;
				CLANG_WARN_OBJC_LITERAL_CONVERSION = YES;
				CLANG_WARN_OBJC_ROOT_CLASS = YES_ERROR;
				CLANG_WARN_QUOTED_INCLUDE_IN_FRAMEWORK_HEADER = YES;
				CLANG_WARN_RANGE_LOOP_ANALYSIS = YES;
				CLANG_WARN_STRICT_PROTOTYPES = YES;
				CLANG_WARN_SUSPICIOUS_MOVE = YES;
				CLANG_WARN_UNGUARDED_AVAILABILITY = YES_AGGRESSIVE;
				CLANG_WARN_UNREACHABLE_CODE = YES;
				CLANG_WARN__DUPLICATE_METHOD_MATCH = YES;
				COPY_PHASE_STRIP = NO;
				DEBUG_INFORMATION_FORMAT = "dwarf-with-dsym";
				ENABLE_NS_ASSERTIONS = NO;
				ENABLE_STRICT_OBJC_MSGSEND = YES;
				GCC_C_LANGUAGE_STANDARD = gnu11;
				GCC_NO_COMMON_BLOCKS = YES;
				GCC_WARN_64_TO_32_BIT_CONVERSION = YES;
				GCC_WARN_ABOUT_RETURN_TYPE = YES_ERROR;
				GCC_WARN_UNDECLARED_SELECTOR = YES;
				GCC_WARN_UNINITIALIZED_AUTOS = YES_AGGRESSIVE;
				GCC_WARN_UNUSED_FUNCTION = YES;
				GCC_WARN_UNUSED_VARIABLE = YES;
				IPHONEOS_DEPLOYMENT_TARGET = 14.5;
				MTL_ENABLE_DEBUG_INFO = NO;
				MTL_FAST_MATH = YES;
				SDKROOT = iphoneos;
				SWIFT_COMPILATION_MODE = wholemodule;
				SWIFT_OPTIMIZATION_LEVEL = "-O";
				VALIDATE_PRODUCT = YES;
			};
			name = Release;
		};
		AA7CB26726171689002C0A35 /* Debug */ = {
			isa = XCBuildConfiguration;
			buildSettings = {
				ASSETCATALOG_COMPILER_APPICON_NAME = AppIcon;
				ASSETCATALOG_COMPILER_GLOBAL_ACCENT_COLOR_NAME = AccentColor;
				CODE_SIGN_STYLE = Automatic;
				DEVELOPMENT_TEAM = TW2C8488Q9;
				INFOPLIST_FILE = testingmy3dthing/Info.plist;
				LD_RUNPATH_SEARCH_PATHS = (
					"$(inherited)",
					"@executable_path/Frameworks",
				);
				PRODUCT_BUNDLE_IDENTIFIER = christian.testingmy3dthing;
				PRODUCT_NAME = "$(TARGET_NAME)";
				SWIFT_VERSION = 5.0;
				TARGETED_DEVICE_FAMILY = "1,2";
			};
			name = Debug;
		};
		AA7CB26826171689002C0A35 /* Release */ = {
			isa = XCBuildConfiguration;
			buildSettings = {
				ASSETCATALOG_COMPILER_APPICON_NAME = AppIcon;
				ASSETCATALOG_COMPILER_GLOBAL_ACCENT_COLOR_NAME = AccentColor;
				CODE_SIGN_STYLE = Automatic;
				DEVELOPMENT_TEAM = TW2C8488Q9;
				INFOPLIST_FILE = testingmy3dthing/Info.plist;
				LD_RUNPATH_SEARCH_PATHS = (
					"$(inherited)",
					"@executable_path/Frameworks",
				);
				PRODUCT_BUNDLE_IDENTIFIER = christian.testingmy3dthing;
				PRODUCT_NAME = "$(TARGET_NAME)";
				SWIFT_VERSION = 5.0;
				TARGETED_DEVICE_FAMILY = "1,2";
			};
			name = Release;
		};
/* End XCBuildConfiguration section */

/* Begin XCConfigurationList section */
		AA7CB25026171686002C0A35 /* Build configuration list for PBXProject "testingmy3dthing" */ = {
			isa = XCConfigurationList;
			buildConfigurations = (
				AA7CB26426171689002C0A35 /* Debug */,
				AA7CB26526171689002C0A35 /* Release */,
			);
			defaultConfigurationIsVisible = 0;
			defaultConfigurationName = Release;
		};
		AA7CB26626171689002C0A35 /* Build configuration list for PBXNativeTarget "testingmy3dthing" */ = {
			isa = XCConfigurationList;
			buildConfigurations = (
				AA7CB26726171689002C0A35 /* Debug */,
				AA7CB26826171689002C0A35 /* Release */,
			);
			defaultConfigurationIsVisible = 0;
			defaultConfigurationName = Release;
		};
/* End XCConfigurationList section */
	};
	rootObject = AA7CB24D26171686002C0A35 /* Project object */;
}
